
Microsoft Visual Studio Solution File, Format Version 12.00
# Visual Studio Version 16
VisualStudioVersion = 16.0.31605.320
MinimumVisualStudioVersion = 10.0.40219.1
Project("{FAE04EC0-301F-11D3-BF4B-00C04F79EFBC}") = "CRUDEmployeeMVC", "CRUDEmployeeMVC.csproj", "{05B7E9AD-C9BF-4427-8278-45BC2454EC4F}"
EndProject
Project("{FAE04EC0-301F-11D3-BF4B-00C04F79EFBC}") = "CRUDEmployeeMVC.Repository", "CRUDEmployeeMVC.Repository\CRUDEmployeeMVC.Repository.csproj", "{3BA4DE0C-D2CF-4DD7-96D8-B68F357CB902}"
EndProject
Project("{FAE04EC0-301F-11D3-BF4B-00C04F79EFBC}") = "CRUDEmployeeMVC.Model", "CRUDEmployeeMVC.Model\CRUDEmployeeMVC.Model.csproj", "{6A357A9E-5D75-4009-AABE-CD4DE766BBB4}"
EndProject
Global
	GlobalSection(SolutionConfigurationPlatforms) = preSolution
		Debug|Any CPU = Debug|Any CPU
		Release|Any CPU = Release|Any CPU
	EndGlobalSection
	GlobalSection(ProjectConfigurationPlatforms) = postSolution
		{05B7E9AD-C9BF-4427-8278-45BC2454EC4F}.Debug|Any CPU.ActiveCfg = Debug|Any CPU
		{05B7E9AD-C9BF-4427-8278-45BC2454EC4F}.Debug|Any CPU.Build.0 = Debug|Any CPU
		{05B7E9AD-C9BF-4427-8278-45BC2454EC4F}.Release|Any CPU.ActiveCfg = Release|Any CPU
		{05B7E9AD-C9BF-4427-8278-45BC2454EC4F}.Release|Any CPU.Build.0 = Release|Any CPU
		{3BA4DE0C-D2CF-4DD7-96D8-B68F357CB902}.Debug|Any CPU.ActiveCfg = Debug|Any CPU
		{3BA4DE0C-D2CF-4DD7-96D8-B68F357CB902}.Debug|Any CPU.Build.0 = Debug|Any CPU
		{3BA4DE0C-D2CF-4DD7-96D8-B68F357CB902}.Release|Any CPU.ActiveCfg = Release|Any CPU
		{3BA4DE0C-D2CF-4DD7-96D8-B68F357CB902}.Release|Any CPU.Build.0 = Release|Any CPU
		{6A357A9E-5D75-4009-AABE-CD4DE766BBB4}.Debug|Any CPU.ActiveCfg = Debug|Any CPU
		{6A357A9E-5D75-4009-AABE-CD4DE766BBB4}.Debug|Any CPU.Build.0 = Debug|Any CPU
		{6A357A9E-5D75-4009-AABE-CD4DE766BBB4}.Release|Any CPU.ActiveCfg = Release|Any CPU
		{6A357A9E-5D75-4009-AABE-CD4DE766BBB4}.Release|Any CPU.Build.0 = Release|Any CPU
	EndGlobalSection
	GlobalSection(SolutionProperties) = preSolution
		HideSolutionNode = FALSE
	EndGlobalSection
	GlobalSection(ExtensibilityGlobals) = postSolution
		SolutionGuid = {77A24294-DD1E-4B34-B98F-4CDB8266C87D}
	EndGlobalSection
EndGlobal
